
Microsoft Visual Studio Solution File, Format Version 12.00
# Visual Studio Version 16
VisualStudioVersion = 25.0.1700.5
MinimumVisualStudioVersion = 10.0.40219.1
Project("{2150E333-8FDC-42A3-9474-1A3956D46DE8}") = "2 - Core", "2 - Core", "{120B9E08-6D01-4428-B2B9-D70220BE15FF}"
EndProject
Project("{FAE04EC0-301F-11D3-BF4B-00C04F79EFBC}") = "CleanArchitecture.Core", "CleanArchitecture.Core\CleanArchitecture.Core.csproj", "{AA98D9BB-3721-4364-97DC-E9BEB4519B94}"
EndProject
Project("{2150E333-8FDC-42A3-9474-1A3956D46DE8}") = "3 - Infrastructure", "3 - Infrastructure", "{FD57BF2F-C36F-45F4-8737-89AC6375C21B}"
EndProject
Project("{FAE04EC0-301F-11D3-BF4B-00C04F79EFBC}") = "CleanArchitecture.Infrastructure", "CleanArchitecture.Infrastructure\CleanArchitecture.Infrastructure.csproj", "{76358188-E103-4790-BF11-DDB450B3C617}"
EndProject
Project("{2150E333-8FDC-42A3-9474-1A3956D46DE8}") = "4 - Tests", "4 - Tests", "{28089172-87AD-4915-A8E2-14784388EE93}"
EndProject
Project("{FAE04EC0-301F-11D3-BF4B-00C04F79EFBC}") = "CleanArchitecture.Tests", "CleanArchitecture.Tests\CleanArchitecture.Tests.csproj", "{B074F943-785B-46F2-A3F2-467B2F6F2FE7}"
EndProject
Global
	GlobalSection(SolutionConfigurationPlatforms) = preSolution
		Debug|Any CPU = Debug|Any CPU
		Release|Any CPU = Release|Any CPU
	EndGlobalSection
	GlobalSection(ProjectConfigurationPlatforms) = postSolution
		{AA98D9BB-3721-4364-97DC-E9BEB4519B94}.Debug|Any CPU.ActiveCfg = Debug|Any CPU
		{AA98D9BB-3721-4364-97DC-E9BEB4519B94}.Debug|Any CPU.Build.0 = Debug|Any CPU
		{AA98D9BB-3721-4364-97DC-E9BEB4519B94}.Release|Any CPU.ActiveCfg = Release|Any CPU
		{AA98D9BB-3721-4364-97DC-E9BEB4519B94}.Release|Any CPU.Build.0 = Release|Any CPU
		{76358188-E103-4790-BF11-DDB450B3C617}.Debug|Any CPU.ActiveCfg = Debug|Any CPU
		{76358188-E103-4790-BF11-DDB450B3C617}.Debug|Any CPU.Build.0 = Debug|Any CPU
		{76358188-E103-4790-BF11-DDB450B3C617}.Release|Any CPU.ActiveCfg = Release|Any CPU
		{76358188-E103-4790-BF11-DDB450B3C617}.Release|Any CPU.Build.0 = Release|Any CPU
		{B074F943-785B-46F2-A3F2-467B2F6F2FE7}.Debug|Any CPU.ActiveCfg = Debug|Any CPU
		{B074F943-785B-46F2-A3F2-467B2F6F2FE7}.Debug|Any CPU.Build.0 = Debug|Any CPU
		{B074F943-785B-46F2-A3F2-467B2F6F2FE7}.Release|Any CPU.ActiveCfg = Release|Any CPU
		{B074F943-785B-46F2-A3F2-467B2F6F2FE7}.Release|Any CPU.Build.0 = Release|Any CPU
	EndGlobalSection
	GlobalSection(SolutionProperties) = preSolution
		HideSolutionNode = FALSE
	EndGlobalSection
	GlobalSection(ExtensibilityGlobals) = postSolution
		SolutionGuid = {219D7A58-3A1B-4F1F-A219-0DD59964D338}
	EndGlobalSection
	GlobalSection(NestedProjects) = preSolution
		{AA98D9BB-3721-4364-97DC-E9BEB4519B94} = {120B9E08-6D01-4428-B2B9-D70220BE15FF}
		{76358188-E103-4790-BF11-DDB450B3C617} = {FD57BF2F-C36F-45F4-8737-89AC6375C21B}
		{B074F943-785B-46F2-A3F2-467B2F6F2FE7} = {28089172-87AD-4915-A8E2-14784388EE93}
	EndGlobalSection
EndGlobal
